
Microsoft Visual Studio Solution File, Format Version 12.00
# Visual Studio 14
VisualStudioVersion = 14.0.24720.0
MinimumVisualStudioVersion = 10.0.40219.1
Project("{2150E333-8FDC-42A3-9474-1A3956D46DE8}") = "Platforms", "Platforms", "{60E3A52B-5D1B-45ED-943C-8818562FDB35}"
EndProject
Project("{FAE04EC0-301F-11D3-BF4B-00C04F79EFBC}") = "DSLink.NET", "DSLink.NET\DSLink.NET.csproj", "{061EA8DB-6913-498E-A20B-EAA4D7164CF3}"
EndProject
Project("{FAE04EC0-301F-11D3-BF4B-00C04F79EFBC}") = "DSLink.UniversalWindows", "DSLink.UniversalWindows\DSLink.UniversalWindows.csproj", "{89D2A03D-C6D0-47D2-BAD0-AA17802F24A4}"
EndProject
Project("{2150E333-8FDC-42A3-9474-1A3956D46DE8}") = "Examples", "Examples", "{FE63D2B0-7717-4BEF-9D7B-6154DF1D7B5B}"
EndProject
Project("{FAE04EC0-301F-11D3-BF4B-00C04F79EFBC}") = "DSLink", "DSLink\DSLink.csproj", "{88591365-982E-41AF-9C02-AD8D84FBB54B}"
EndProject
Project("{FAE04EC0-301F-11D3-BF4B-00C04F79EFBC}") = "RNG", "RNG\RNG.csproj", "{0E1EE611-CDF7-4A8C-BF7D-A0DA6C628413}"
EndProject
Global
	GlobalSection(SolutionConfigurationPlatforms) = preSolution
		Debug|Any CPU = Debug|Any CPU
		Debug|ARM = Debug|ARM
		Debug|x64 = Debug|x64
		Debug|x86 = Debug|x86
		Release|Any CPU = Release|Any CPU
		Release|ARM = Release|ARM
		Release|x64 = Release|x64
		Release|x86 = Release|x86
	EndGlobalSection
	GlobalSection(ProjectConfigurationPlatforms) = postSolution
		{061EA8DB-6913-498E-A20B-EAA4D7164CF3}.Debug|Any CPU.ActiveCfg = Debug|Any CPU
		{061EA8DB-6913-498E-A20B-EAA4D7164CF3}.Debug|Any CPU.Build.0 = Debug|Any CPU
		{061EA8DB-6913-498E-A20B-EAA4D7164CF3}.Debug|ARM.ActiveCfg = Debug|Any CPU
		{061EA8DB-6913-498E-A20B-EAA4D7164CF3}.Debug|ARM.Build.0 = Debug|Any CPU
		{061EA8DB-6913-498E-A20B-EAA4D7164CF3}.Debug|x64.ActiveCfg = Debug|Any CPU
		{061EA8DB-6913-498E-A20B-EAA4D7164CF3}.Debug|x64.Build.0 = Debug|Any CPU
		{061EA8DB-6913-498E-A20B-EAA4D7164CF3}.Debug|x86.ActiveCfg = Debug|Any CPU
		{061EA8DB-6913-498E-A20B-EAA4D7164CF3}.Debug|x86.Build.0 = Debug|Any CPU
		{061EA8DB-6913-498E-A20B-EAA4D7164CF3}.Release|Any CPU.ActiveCfg = Release|Any CPU
		{061EA8DB-6913-498E-A20B-EAA4D7164CF3}.Release|Any CPU.Build.0 = Release|Any CPU
		{061EA8DB-6913-498E-A20B-EAA4D7164CF3}.Release|ARM.ActiveCfg = Release|Any CPU
		{061EA8DB-6913-498E-A20B-EAA4D7164CF3}.Release|ARM.Build.0 = Release|Any CPU
		{061EA8DB-6913-498E-A20B-EAA4D7164CF3}.Release|x64.ActiveCfg = Release|Any CPU
		{061EA8DB-6913-498E-A20B-EAA4D7164CF3}.Release|x64.Build.0 = Release|Any CPU
		{061EA8DB-6913-498E-A20B-EAA4D7164CF3}.Release|x86.ActiveCfg = Release|Any CPU
		{061EA8DB-6913-498E-A20B-EAA4D7164CF3}.Release|x86.Build.0 = Release|Any CPU
		{89D2A03D-C6D0-47D2-BAD0-AA17802F24A4}.Debug|Any CPU.ActiveCfg = Debug|Any CPU
		{89D2A03D-C6D0-47D2-BAD0-AA17802F24A4}.Debug|Any CPU.Build.0 = Debug|Any CPU
		{89D2A03D-C6D0-47D2-BAD0-AA17802F24A4}.Debug|ARM.ActiveCfg = Debug|ARM
		{89D2A03D-C6D0-47D2-BAD0-AA17802F24A4}.Debug|ARM.Build.0 = Debug|ARM
		{89D2A03D-C6D0-47D2-BAD0-AA17802F24A4}.Debug|x64.ActiveCfg = Debug|x64
		{89D2A03D-C6D0-47D2-BAD0-AA17802F24A4}.Debug|x64.Build.0 = Debug|x64
		{89D2A03D-C6D0-47D2-BAD0-AA17802F24A4}.Debug|x86.ActiveCfg = Debug|x86
		{89D2A03D-C6D0-47D2-BAD0-AA17802F24A4}.Debug|x86.Build.0 = Debug|x86
		{89D2A03D-C6D0-47D2-BAD0-AA17802F24A4}.Release|Any CPU.ActiveCfg = Release|Any CPU
		{89D2A03D-C6D0-47D2-BAD0-AA17802F24A4}.Release|Any CPU.Build.0 = Release|Any CPU
		{89D2A03D-C6D0-47D2-BAD0-AA17802F24A4}.Release|ARM.ActiveCfg = Release|ARM
		{89D2A03D-C6D0-47D2-BAD0-AA17802F24A4}.Release|ARM.Build.0 = Release|ARM
		{89D2A03D-C6D0-47D2-BAD0-AA17802F24A4}.Release|x64.ActiveCfg = Release|x64
		{89D2A03D-C6D0-47D2-BAD0-AA17802F24A4}.Release|x64.Build.0 = Release|x64
		{89D2A03D-C6D0-47D2-BAD0-AA17802F24A4}.Release|x86.ActiveCfg = Release|x86
		{89D2A03D-C6D0-47D2-BAD0-AA17802F24A4}.Release|x86.Build.0 = Release|x86
		{88591365-982E-41AF-9C02-AD8D84FBB54B}.Debug|Any CPU.ActiveCfg = Debug|Any CPU
		{88591365-982E-41AF-9C02-AD8D84FBB54B}.Debug|Any CPU.Build.0 = Debug|Any CPU
		{88591365-982E-41AF-9C02-AD8D84FBB54B}.Debug|ARM.ActiveCfg = Debug|Any CPU
		{88591365-982E-41AF-9C02-AD8D84FBB54B}.Debug|ARM.Build.0 = Debug|Any CPU
		{88591365-982E-41AF-9C02-AD8D84FBB54B}.Debug|x64.ActiveCfg = Debug|Any CPU
		{88591365-982E-41AF-9C02-AD8D84FBB54B}.Debug|x64.Build.0 = Debug|Any CPU
		{88591365-982E-41AF-9C02-AD8D84FBB54B}.Debug|x86.ActiveCfg = Debug|Any CPU
		{88591365-982E-41AF-9C02-AD8D84FBB54B}.Debug|x86.Build.0 = Debug|Any CPU
		{88591365-982E-41AF-9C02-AD8D84FBB54B}.Release|Any CPU.ActiveCfg = Release|Any CPU
		{88591365-982E-41AF-9C02-AD8D84FBB54B}.Release|Any CPU.Build.0 = Release|Any CPU
		{88591365-982E-41AF-9C02-AD8D84FBB54B}.Release|ARM.ActiveCfg = Release|Any CPU
		{88591365-982E-41AF-9C02-AD8D84FBB54B}.Release|ARM.Build.0 = Release|Any CPU
		{88591365-982E-41AF-9C02-AD8D84FBB54B}.Release|x64.ActiveCfg = Release|Any CPU
		{88591365-982E-41AF-9C02-AD8D84FBB54B}.Release|x64.Build.0 = Release|Any CPU
		{88591365-982E-41AF-9C02-AD8D84FBB54B}.Release|x86.ActiveCfg = Release|Any CPU
		{88591365-982E-41AF-9C02-AD8D84FBB54B}.Release|x86.Build.0 = Release|Any CPU
		{0E1EE611-CDF7-4A8C-BF7D-A0DA6C628413}.Debug|Any CPU.ActiveCfg = Debug|Any CPU
		{0E1EE611-CDF7-4A8C-BF7D-A0DA6C628413}.Debug|Any CPU.Build.0 = Debug|Any CPU
		{0E1EE611-CDF7-4A8C-BF7D-A0DA6C628413}.Debug|ARM.ActiveCfg = Debug|Any CPU
		{0E1EE611-CDF7-4A8C-BF7D-A0DA6C628413}.Debug|ARM.Build.0 = Debug|Any CPU
		{0E1EE611-CDF7-4A8C-BF7D-A0DA6C628413}.Debug|x64.ActiveCfg = Debug|Any CPU
		{0E1EE611-CDF7-4A8C-BF7D-A0DA6C628413}.Debug|x64.Build.0 = Debug|Any CPU
		{0E1EE611-CDF7-4A8C-BF7D-A0DA6C628413}.Debug|x86.ActiveCfg = Debug|Any CPU
		{0E1EE611-CDF7-4A8C-BF7D-A0DA6C628413}.Debug|x86.Build.0 = Debug|Any CPU
		{0E1EE611-CDF7-4A8C-BF7D-A0DA6C628413}.Release|Any CPU.ActiveCfg = Release|Any CPU
		{0E1EE611-CDF7-4A8C-BF7D-A0DA6C628413}.Release|Any CPU.Build.0 = Release|Any CPU
		{0E1EE611-CDF7-4A8C-BF7D-A0DA6C628413}.Release|ARM.ActiveCfg = Release|Any CPU
		{0E1EE611-CDF7-4A8C-BF7D-A0DA6C628413}.Release|ARM.Build.0 = Release|Any CPU
		{0E1EE611-CDF7-4A8C-BF7D-A0DA6C628413}.Release|x64.ActiveCfg = Release|Any CPU
		{0E1EE611-CDF7-4A8C-BF7D-A0DA6C628413}.Release|x64.Build.0 = Release|Any CPU
		{0E1EE611-CDF7-4A8C-BF7D-A0DA6C628413}.Release|x86.ActiveCfg = Release|Any CPU
		{0E1EE611-CDF7-4A8C-BF7D-A0DA6C628413}.Release|x86.Build.0 = Release|Any CPU
	EndGlobalSection
	GlobalSection(SolutionProperties) = preSolution
		HideSolutionNode = FALSE
	EndGlobalSection
	GlobalSection(NestedProjects) = preSolution
		{061EA8DB-6913-498E-A20B-EAA4D7164CF3} = {60E3A52B-5D1B-45ED-943C-8818562FDB35}
		{89D2A03D-C6D0-47D2-BAD0-AA17802F24A4} = {60E3A52B-5D1B-45ED-943C-8818562FDB35}
		{0E1EE611-CDF7-4A8C-BF7D-A0DA6C628413} = {FE63D2B0-7717-4BEF-9D7B-6154DF1D7B5B}
	EndGlobalSection
EndGlobal
