
Microsoft Visual Studio Solution File, Format Version 12.00
# Visual Studio 15
VisualStudioVersion = 15.0.27130.2026
MinimumVisualStudioVersion = 10.0.40219.1
Project("{2150E333-8FDC-42A3-9474-1A3956D46DE8}") = "Examples", "Examples", "{FE63D2B0-7717-4BEF-9D7B-6154DF1D7B5B}"
EndProject
Project("{9A19103F-16F7-4668-BE54-9A1E7A4F7556}") = "DSLink", "DSLink\DSLink.csproj", "{88591365-982E-41AF-9C02-AD8D84FBB54B}"
EndProject
Project("{2150E333-8FDC-42A3-9474-1A3956D46DE8}") = "Tests", "Tests", "{DB62160D-0AA3-496F-9846-68BA6144FE6E}"
EndProject
Project("{2150E333-8FDC-42A3-9474-1A3956D46DE8}") = "Solution Items", "Solution Items", "{E7F33741-D2E6-4607-BF9D-04C6B0844FB3}"
	ProjectSection(SolutionItems) = preProject
		.gitignore = .gitignore
		LICENSE.md = LICENSE.md
		README.md = README.md
	EndProjectSection
EndProject
Project("{FAE04EC0-301F-11D3-BF4B-00C04F79EFBC}") = "DSLink.Tests", "DSLink.Tests\DSLink.Tests.csproj", "{D39148FB-B64A-47B9-AF45-0EDC2967034F}"
EndProject
Project("{9A19103F-16F7-4668-BE54-9A1E7A4F7556}") = "DSLink.Example", "DSLink.Example\DSLink.Example.csproj", "{A3C3697A-DD0D-471E-BAB7-2F38F0E94A9A}"
EndProject
Global
	GlobalSection(SolutionConfigurationPlatforms) = preSolution
		Debug|Any CPU = Debug|Any CPU
		Debug|ARM = Debug|ARM
		Debug|iPhone = Debug|iPhone
		Debug|iPhoneSimulator = Debug|iPhoneSimulator
		Debug|x64 = Debug|x64
		Debug|x86 = Debug|x86
		Release|Any CPU = Release|Any CPU
		Release|ARM = Release|ARM
		Release|iPhone = Release|iPhone
		Release|iPhoneSimulator = Release|iPhoneSimulator
		Release|x64 = Release|x64
		Release|x86 = Release|x86
	EndGlobalSection
	GlobalSection(ProjectConfigurationPlatforms) = postSolution
		{88591365-982E-41AF-9C02-AD8D84FBB54B}.Debug|Any CPU.ActiveCfg = Debug|Any CPU
		{88591365-982E-41AF-9C02-AD8D84FBB54B}.Debug|Any CPU.Build.0 = Debug|Any CPU
		{88591365-982E-41AF-9C02-AD8D84FBB54B}.Debug|ARM.ActiveCfg = Debug|Any CPU
		{88591365-982E-41AF-9C02-AD8D84FBB54B}.Debug|ARM.Build.0 = Debug|Any CPU
		{88591365-982E-41AF-9C02-AD8D84FBB54B}.Debug|iPhone.ActiveCfg = Debug|Any CPU
		{88591365-982E-41AF-9C02-AD8D84FBB54B}.Debug|iPhone.Build.0 = Debug|Any CPU
		{88591365-982E-41AF-9C02-AD8D84FBB54B}.Debug|iPhoneSimulator.ActiveCfg = Debug|Any CPU
		{88591365-982E-41AF-9C02-AD8D84FBB54B}.Debug|iPhoneSimulator.Build.0 = Debug|Any CPU
		{88591365-982E-41AF-9C02-AD8D84FBB54B}.Debug|x64.ActiveCfg = Debug|Any CPU
		{88591365-982E-41AF-9C02-AD8D84FBB54B}.Debug|x64.Build.0 = Debug|Any CPU
		{88591365-982E-41AF-9C02-AD8D84FBB54B}.Debug|x86.ActiveCfg = Debug|Any CPU
		{88591365-982E-41AF-9C02-AD8D84FBB54B}.Debug|x86.Build.0 = Debug|Any CPU
		{88591365-982E-41AF-9C02-AD8D84FBB54B}.Release|Any CPU.ActiveCfg = Release|Any CPU
		{88591365-982E-41AF-9C02-AD8D84FBB54B}.Release|Any CPU.Build.0 = Release|Any CPU
		{88591365-982E-41AF-9C02-AD8D84FBB54B}.Release|ARM.ActiveCfg = Release|Any CPU
		{88591365-982E-41AF-9C02-AD8D84FBB54B}.Release|ARM.Build.0 = Release|Any CPU
		{88591365-982E-41AF-9C02-AD8D84FBB54B}.Release|iPhone.ActiveCfg = Release|Any CPU
		{88591365-982E-41AF-9C02-AD8D84FBB54B}.Release|iPhone.Build.0 = Release|Any CPU
		{88591365-982E-41AF-9C02-AD8D84FBB54B}.Release|iPhoneSimulator.ActiveCfg = Release|Any CPU
		{88591365-982E-41AF-9C02-AD8D84FBB54B}.Release|iPhoneSimulator.Build.0 = Release|Any CPU
		{88591365-982E-41AF-9C02-AD8D84FBB54B}.Release|x64.ActiveCfg = Release|Any CPU
		{88591365-982E-41AF-9C02-AD8D84FBB54B}.Release|x64.Build.0 = Release|Any CPU
		{88591365-982E-41AF-9C02-AD8D84FBB54B}.Release|x86.ActiveCfg = Release|Any CPU
		{88591365-982E-41AF-9C02-AD8D84FBB54B}.Release|x86.Build.0 = Release|Any CPU
		{D39148FB-B64A-47B9-AF45-0EDC2967034F}.Debug|Any CPU.ActiveCfg = Debug|Any CPU
		{D39148FB-B64A-47B9-AF45-0EDC2967034F}.Debug|Any CPU.Build.0 = Debug|Any CPU
		{D39148FB-B64A-47B9-AF45-0EDC2967034F}.Debug|ARM.ActiveCfg = Debug|Any CPU
		{D39148FB-B64A-47B9-AF45-0EDC2967034F}.Debug|ARM.Build.0 = Debug|Any CPU
		{D39148FB-B64A-47B9-AF45-0EDC2967034F}.Debug|iPhone.ActiveCfg = Debug|Any CPU
		{D39148FB-B64A-47B9-AF45-0EDC2967034F}.Debug|iPhone.Build.0 = Debug|Any CPU
		{D39148FB-B64A-47B9-AF45-0EDC2967034F}.Debug|iPhoneSimulator.ActiveCfg = Debug|Any CPU
		{D39148FB-B64A-47B9-AF45-0EDC2967034F}.Debug|iPhoneSimulator.Build.0 = Debug|Any CPU
		{D39148FB-B64A-47B9-AF45-0EDC2967034F}.Debug|x64.ActiveCfg = Debug|Any CPU
		{D39148FB-B64A-47B9-AF45-0EDC2967034F}.Debug|x64.Build.0 = Debug|Any CPU
		{D39148FB-B64A-47B9-AF45-0EDC2967034F}.Debug|x86.ActiveCfg = Debug|Any CPU
		{D39148FB-B64A-47B9-AF45-0EDC2967034F}.Debug|x86.Build.0 = Debug|Any CPU
		{D39148FB-B64A-47B9-AF45-0EDC2967034F}.Release|Any CPU.ActiveCfg = Release|Any CPU
		{D39148FB-B64A-47B9-AF45-0EDC2967034F}.Release|Any CPU.Build.0 = Release|Any CPU
		{D39148FB-B64A-47B9-AF45-0EDC2967034F}.Release|ARM.ActiveCfg = Release|Any CPU
		{D39148FB-B64A-47B9-AF45-0EDC2967034F}.Release|ARM.Build.0 = Release|Any CPU
		{D39148FB-B64A-47B9-AF45-0EDC2967034F}.Release|iPhone.ActiveCfg = Release|Any CPU
		{D39148FB-B64A-47B9-AF45-0EDC2967034F}.Release|iPhone.Build.0 = Release|Any CPU
		{D39148FB-B64A-47B9-AF45-0EDC2967034F}.Release|iPhoneSimulator.ActiveCfg = Release|Any CPU
		{D39148FB-B64A-47B9-AF45-0EDC2967034F}.Release|iPhoneSimulator.Build.0 = Release|Any CPU
		{D39148FB-B64A-47B9-AF45-0EDC2967034F}.Release|x64.ActiveCfg = Release|Any CPU
		{D39148FB-B64A-47B9-AF45-0EDC2967034F}.Release|x64.Build.0 = Release|Any CPU
		{D39148FB-B64A-47B9-AF45-0EDC2967034F}.Release|x86.ActiveCfg = Release|Any CPU
		{D39148FB-B64A-47B9-AF45-0EDC2967034F}.Release|x86.Build.0 = Release|Any CPU
		{A3C3697A-DD0D-471E-BAB7-2F38F0E94A9A}.Debug|Any CPU.ActiveCfg = Debug|Any CPU
		{A3C3697A-DD0D-471E-BAB7-2F38F0E94A9A}.Debug|Any CPU.Build.0 = Debug|Any CPU
		{A3C3697A-DD0D-471E-BAB7-2F38F0E94A9A}.Debug|ARM.ActiveCfg = Debug|Any CPU
		{A3C3697A-DD0D-471E-BAB7-2F38F0E94A9A}.Debug|ARM.Build.0 = Debug|Any CPU
		{A3C3697A-DD0D-471E-BAB7-2F38F0E94A9A}.Debug|iPhone.ActiveCfg = Debug|Any CPU
		{A3C3697A-DD0D-471E-BAB7-2F38F0E94A9A}.Debug|iPhone.Build.0 = Debug|Any CPU
		{A3C3697A-DD0D-471E-BAB7-2F38F0E94A9A}.Debug|iPhoneSimulator.ActiveCfg = Debug|Any CPU
		{A3C3697A-DD0D-471E-BAB7-2F38F0E94A9A}.Debug|iPhoneSimulator.Build.0 = Debug|Any CPU
		{A3C3697A-DD0D-471E-BAB7-2F38F0E94A9A}.Debug|x64.ActiveCfg = Debug|Any CPU
		{A3C3697A-DD0D-471E-BAB7-2F38F0E94A9A}.Debug|x64.Build.0 = Debug|Any CPU
		{A3C3697A-DD0D-471E-BAB7-2F38F0E94A9A}.Debug|x86.ActiveCfg = Debug|Any CPU
		{A3C3697A-DD0D-471E-BAB7-2F38F0E94A9A}.Debug|x86.Build.0 = Debug|Any CPU
		{A3C3697A-DD0D-471E-BAB7-2F38F0E94A9A}.Release|Any CPU.ActiveCfg = Release|Any CPU
		{A3C3697A-DD0D-471E-BAB7-2F38F0E94A9A}.Release|Any CPU.Build.0 = Release|Any CPU
		{A3C3697A-DD0D-471E-BAB7-2F38F0E94A9A}.Release|ARM.ActiveCfg = Release|Any CPU
		{A3C3697A-DD0D-471E-BAB7-2F38F0E94A9A}.Release|ARM.Build.0 = Release|Any CPU
		{A3C3697A-DD0D-471E-BAB7-2F38F0E94A9A}.Release|iPhone.ActiveCfg = Release|Any CPU
		{A3C3697A-DD0D-471E-BAB7-2F38F0E94A9A}.Release|iPhone.Build.0 = Release|Any CPU
		{A3C3697A-DD0D-471E-BAB7-2F38F0E94A9A}.Release|iPhoneSimulator.ActiveCfg = Release|Any CPU
		{A3C3697A-DD0D-471E-BAB7-2F38F0E94A9A}.Release|iPhoneSimulator.Build.0 = Release|Any CPU
		{A3C3697A-DD0D-471E-BAB7-2F38F0E94A9A}.Release|x64.ActiveCfg = Release|Any CPU
		{A3C3697A-DD0D-471E-BAB7-2F38F0E94A9A}.Release|x64.Build.0 = Release|Any CPU
		{A3C3697A-DD0D-471E-BAB7-2F38F0E94A9A}.Release|x86.ActiveCfg = Release|Any CPU
		{A3C3697A-DD0D-471E-BAB7-2F38F0E94A9A}.Release|x86.Build.0 = Release|Any CPU
	EndGlobalSection
	GlobalSection(SolutionProperties) = preSolution
		HideSolutionNode = FALSE
	EndGlobalSection
	GlobalSection(NestedProjects) = preSolution
		{D39148FB-B64A-47B9-AF45-0EDC2967034F} = {DB62160D-0AA3-496F-9846-68BA6144FE6E}
		{A3C3697A-DD0D-471E-BAB7-2F38F0E94A9A} = {FE63D2B0-7717-4BEF-9D7B-6154DF1D7B5B}
	EndGlobalSection
	GlobalSection(ExtensibilityGlobals) = postSolution
		SolutionGuid = {FE1B7264-00A7-41A3-B1B7-CD13001BFEA4}
	EndGlobalSection
	GlobalSection(MonoDevelopProperties) = preSolution
		Policies = $0
		$0.DotNetNamingPolicy = $1
		$0.TextStylePolicy = $2
		$2.scope = text/x-csharp
		$2.FileWidth = 80
		$2.TabsToSpaces = True
		$0.CSharpFormattingPolicy = $3
		$3.scope = text/x-csharp
		$0.StandardHeader = $4
		$0.NameConventionPolicy = $5
		$5.Rules = $6
		$6.NamingRule = $26
		$26.AffectedEntity = None
		$26.VisibilityMask = VisibilityMask
		$26.NamingStyle = None
		$26.IncludeInstanceMembers = True
		$26.IncludeStaticEntities = True
	EndGlobalSection
EndGlobal
